// !$*UTF8*$!
{
	archiveVersion = 1;
	classes = {
	};
	objectVersion = 51;
	objects = {

/* Begin PBXBuildFile section */
		1327112224334D82009005C0 /* AppDelegate.swift in Sources */ = {isa = PBXBuildFile; fileRef = 1327112124334D82009005C0 /* AppDelegate.swift */; };
		1327112424334D82009005C0 /* SceneDelegate.swift in Sources */ = {isa = PBXBuildFile; fileRef = 1327112324334D82009005C0 /* SceneDelegate.swift */; };
		1327112624334D82009005C0 /* LogInViewController.swift in Sources */ = {isa = PBXBuildFile; fileRef = 1327112524334D82009005C0 /* LogInViewController.swift */; };
		1327112924334D82009005C0 /* LogInSignUp.storyboard in Resources */ = {isa = PBXBuildFile; fileRef = 1327112724334D82009005C0 /* LogInSignUp.storyboard */; };
		1327112C24334D82009005C0 /* Pinny_iOS.xcdatamodeld in Sources */ = {isa = PBXBuildFile; fileRef = 1327112A24334D82009005C0 /* Pinny_iOS.xcdatamodeld */; };
		1327112E24334D83009005C0 /* Assets.xcassets in Resources */ = {isa = PBXBuildFile; fileRef = 1327112D24334D83009005C0 /* Assets.xcassets */; };
		1327113124334D83009005C0 /* LaunchScreen.storyboard in Resources */ = {isa = PBXBuildFile; fileRef = 1327112F24334D83009005C0 /* LaunchScreen.storyboard */; };
		1327113F24334EBE009005C0 /* Pinny_iOSTests.swift in Sources */ = {isa = PBXBuildFile; fileRef = 1327113E24334EBE009005C0 /* Pinny_iOSTests.swift */; };
		1338069B24389E540014A600 /* YandexAPIKey in Resources */ = {isa = PBXBuildFile; fileRef = 1338069A24389E540014A600 /* YandexAPIKey */; };
		134356B2244EFB6000026355 /* StarsRatingView.swift in Sources */ = {isa = PBXBuildFile; fileRef = 134356B1244EFB6000026355 /* StarsRatingView.swift */; };
		134356B8244EFF0800026355 /* AcceptButtonView.swift in Sources */ = {isa = PBXBuildFile; fileRef = 134356B7244EFF0800026355 /* AcceptButtonView.swift */; };
		134356BA245029EF00026355 /* UIViewControllerExt.swift in Sources */ = {isa = PBXBuildFile; fileRef = 134356B9245029EF00026355 /* UIViewControllerExt.swift */; };
		13A56C5124502F1600584BDD /* SignUpViewController.swift in Sources */ = {isa = PBXBuildFile; fileRef = 13A56C5024502F1600584BDD /* SignUpViewController.swift */; };
		13A56C53245038E000584BDD /* UITextFieldExtension.swift in Sources */ = {isa = PBXBuildFile; fileRef = 13A56C52245038E000584BDD /* UITextFieldExtension.swift */; };
		13CA803A24502B12006ED889 /* UIAlertControllerBuilder.swift in Sources */ = {isa = PBXBuildFile; fileRef = 13CA803924502B12006ED889 /* UIAlertControllerBuilder.swift */; };
		13EE6AF82451C89B00B33A34 /* PlacesListViewController.swift in Sources */ = {isa = PBXBuildFile; fileRef = 13EE6AF72451C89B00B33A34 /* PlacesListViewController.swift */; };
		13FC27B02450431A00EB5A0D /* Main.storyboard in Resources */ = {isa = PBXBuildFile; fileRef = 13FC27AF2450431A00EB5A0D /* Main.storyboard */; };
		13FC27B32451A64400EB5A0D /* Globals.swift in Sources */ = {isa = PBXBuildFile; fileRef = 13FC27B22451A64400EB5A0D /* Globals.swift */; };
		13FC27B62451A6DE00EB5A0D /* PlaceSearchTableViewCell.swift in Sources */ = {isa = PBXBuildFile; fileRef = 13FC27B52451A6DE00EB5A0D /* PlaceSearchTableViewCell.swift */; };
		13FC27BA2451C78B00EB5A0D /* PlaceDetailViewController.swift in Sources */ = {isa = PBXBuildFile; fileRef = 13FC27B92451C78B00EB5A0D /* PlaceDetailViewController.swift */; };
		A215AC73D2C9C936552AB672 /* Pods_Pinny_iOS.framework in Frameworks */ = {isa = PBXBuildFile; fileRef = 240C9199E2E44AFA0E874D99 /* Pods_Pinny_iOS.framework */; };
/* End PBXBuildFile section */

/* Begin PBXContainerItemProxy section */
		1327114124334EBE009005C0 /* PBXContainerItemProxy */ = {
			isa = PBXContainerItemProxy;
			containerPortal = 1327111624334D82009005C0 /* Project object */;
			proxyType = 1;
			remoteGlobalIDString = 1327111D24334D82009005C0;
			remoteInfo = "Pinny-iOS";
		};
/* End PBXContainerItemProxy section */

/* Begin PBXFileReference section */
		1327111E24334D82009005C0 /* Pinny-iOS.app */ = {isa = PBXFileReference; explicitFileType = wrapper.application; includeInIndex = 0; path = "Pinny-iOS.app"; sourceTree = BUILT_PRODUCTS_DIR; };
		1327112124334D82009005C0 /* AppDelegate.swift */ = {isa = PBXFileReference; lastKnownFileType = sourcecode.swift; path = AppDelegate.swift; sourceTree = "<group>"; };
		1327112324334D82009005C0 /* SceneDelegate.swift */ = {isa = PBXFileReference; lastKnownFileType = sourcecode.swift; path = SceneDelegate.swift; sourceTree = "<group>"; };
		1327112524334D82009005C0 /* LogInViewController.swift */ = {isa = PBXFileReference; lastKnownFileType = sourcecode.swift; path = LogInViewController.swift; sourceTree = "<group>"; };
		1327112824334D82009005C0 /* Base */ = {isa = PBXFileReference; lastKnownFileType = file.storyboard; name = Base; path = Base.lproj/LogInSignUp.storyboard; sourceTree = "<group>"; };
		1327112B24334D82009005C0 /* Pinny_iOS.xcdatamodel */ = {isa = PBXFileReference; lastKnownFileType = wrapper.xcdatamodel; path = Pinny_iOS.xcdatamodel; sourceTree = "<group>"; };
		1327112D24334D83009005C0 /* Assets.xcassets */ = {isa = PBXFileReference; lastKnownFileType = folder.assetcatalog; path = Assets.xcassets; sourceTree = "<group>"; };
		1327113024334D83009005C0 /* Base */ = {isa = PBXFileReference; lastKnownFileType = file.storyboard; name = Base; path = Base.lproj/LaunchScreen.storyboard; sourceTree = "<group>"; };
		1327113224334D83009005C0 /* Info.plist */ = {isa = PBXFileReference; lastKnownFileType = text.plist.xml; path = Info.plist; sourceTree = "<group>"; };
		1327113C24334EBE009005C0 /* Pinny-iOSTests.xctest */ = {isa = PBXFileReference; explicitFileType = wrapper.cfbundle; includeInIndex = 0; path = "Pinny-iOSTests.xctest"; sourceTree = BUILT_PRODUCTS_DIR; };
		1327113E24334EBE009005C0 /* Pinny_iOSTests.swift */ = {isa = PBXFileReference; lastKnownFileType = sourcecode.swift; path = Pinny_iOSTests.swift; sourceTree = "<group>"; };
		1327114024334EBE009005C0 /* Info.plist */ = {isa = PBXFileReference; lastKnownFileType = text.plist.xml; path = Info.plist; sourceTree = "<group>"; };
		1338069A24389E540014A600 /* YandexAPIKey */ = {isa = PBXFileReference; lastKnownFileType = text; path = YandexAPIKey; sourceTree = "<group>"; };
		134356B1244EFB6000026355 /* StarsRatingView.swift */ = {isa = PBXFileReference; lastKnownFileType = sourcecode.swift; path = StarsRatingView.swift; sourceTree = "<group>"; };
		134356B7244EFF0800026355 /* AcceptButtonView.swift */ = {isa = PBXFileReference; lastKnownFileType = sourcecode.swift; path = AcceptButtonView.swift; sourceTree = "<group>"; };
		134356B9245029EF00026355 /* UIViewControllerExt.swift */ = {isa = PBXFileReference; lastKnownFileType = sourcecode.swift; path = UIViewControllerExt.swift; sourceTree = "<group>"; };
		13A56C5024502F1600584BDD /* SignUpViewController.swift */ = {isa = PBXFileReference; lastKnownFileType = sourcecode.swift; path = SignUpViewController.swift; sourceTree = "<group>"; };
		13A56C52245038E000584BDD /* UITextFieldExtension.swift */ = {isa = PBXFileReference; lastKnownFileType = sourcecode.swift; path = UITextFieldExtension.swift; sourceTree = "<group>"; };
		13CA803924502B12006ED889 /* UIAlertControllerBuilder.swift */ = {isa = PBXFileReference; lastKnownFileType = sourcecode.swift; path = UIAlertControllerBuilder.swift; sourceTree = "<group>"; };
		13EE6AF72451C89B00B33A34 /* PlacesListViewController.swift */ = {isa = PBXFileReference; lastKnownFileType = sourcecode.swift; path = PlacesListViewController.swift; sourceTree = "<group>"; };
		13FC27AF2450431A00EB5A0D /* Main.storyboard */ = {isa = PBXFileReference; lastKnownFileType = file.storyboard; path = Main.storyboard; sourceTree = "<group>"; };
		13FC27B22451A64400EB5A0D /* Globals.swift */ = {isa = PBXFileReference; lastKnownFileType = sourcecode.swift; path = Globals.swift; sourceTree = "<group>"; };
		13FC27B52451A6DE00EB5A0D /* PlaceSearchTableViewCell.swift */ = {isa = PBXFileReference; lastKnownFileType = sourcecode.swift; path = PlaceSearchTableViewCell.swift; sourceTree = "<group>"; };
		13FC27B92451C78B00EB5A0D /* PlaceDetailViewController.swift */ = {isa = PBXFileReference; lastKnownFileType = sourcecode.swift; path = PlaceDetailViewController.swift; sourceTree = "<group>"; };
		240C9199E2E44AFA0E874D99 /* Pods_Pinny_iOS.framework */ = {isa = PBXFileReference; explicitFileType = wrapper.framework; includeInIndex = 0; path = Pods_Pinny_iOS.framework; sourceTree = BUILT_PRODUCTS_DIR; };
		6DAC37D220E3F42D78F09681 /* Pods-Pinny-iOS.release.xcconfig */ = {isa = PBXFileReference; includeInIndex = 1; lastKnownFileType = text.xcconfig; name = "Pods-Pinny-iOS.release.xcconfig"; path = "Target Support Files/Pods-Pinny-iOS/Pods-Pinny-iOS.release.xcconfig"; sourceTree = "<group>"; };
		8EC6DC99C46AC042FE467DAD /* Pods-Pinny-iOS.debug.xcconfig */ = {isa = PBXFileReference; includeInIndex = 1; lastKnownFileType = text.xcconfig; name = "Pods-Pinny-iOS.debug.xcconfig"; path = "Target Support Files/Pods-Pinny-iOS/Pods-Pinny-iOS.debug.xcconfig"; sourceTree = "<group>"; };
/* End PBXFileReference section */

/* Begin PBXFrameworksBuildPhase section */
		1327111B24334D82009005C0 /* Frameworks */ = {
			isa = PBXFrameworksBuildPhase;
			buildActionMask = 2147483647;
			files = (
				A215AC73D2C9C936552AB672 /* Pods_Pinny_iOS.framework in Frameworks */,
			);
			runOnlyForDeploymentPostprocessing = 0;
		};
		1327113924334EBE009005C0 /* Frameworks */ = {
			isa = PBXFrameworksBuildPhase;
			buildActionMask = 2147483647;
			files = (
			);
			runOnlyForDeploymentPostprocessing = 0;
		};
/* End PBXFrameworksBuildPhase section */

/* Begin PBXGroup section */
		1327111524334D82009005C0 = {
			isa = PBXGroup;
			children = (
				1327112024334D82009005C0 /* Pinny-iOS */,
				1327113D24334EBE009005C0 /* Pinny-iOSTests */,
				1327111F24334D82009005C0 /* Products */,
				8B71001511E1312B7A3DACC5 /* Pods */,
				65A90629605D3ADB57034631 /* Frameworks */,
			);
			sourceTree = "<group>";
		};
		1327111F24334D82009005C0 /* Products */ = {
			isa = PBXGroup;
			children = (
				1327111E24334D82009005C0 /* Pinny-iOS.app */,
				1327113C24334EBE009005C0 /* Pinny-iOSTests.xctest */,
			);
			name = Products;
			sourceTree = "<group>";
		};
		1327112024334D82009005C0 /* Pinny-iOS */ = {
			isa = PBXGroup;
			children = (
				134356BB245029F800026355 /* Extensions */,
				1338069924389E3D0014A600 /* Utils */,
				1327114924335CAE009005C0 /* Views */,
				1327114824335C93009005C0 /* Services */,
				1327114724335C7F009005C0 /* Models */,
				1327114624335C75009005C0 /* VCs */,
				13FC27B12450444900EB5A0D /* Storyboards */,
				1327112124334D82009005C0 /* AppDelegate.swift */,
				1327112324334D82009005C0 /* SceneDelegate.swift */,
				1327112D24334D83009005C0 /* Assets.xcassets */,
				1327113224334D83009005C0 /* Info.plist */,
				1327112A24334D82009005C0 /* Pinny_iOS.xcdatamodeld */,
			);
			path = "Pinny-iOS";
			sourceTree = "<group>";
		};
		1327113D24334EBE009005C0 /* Pinny-iOSTests */ = {
			isa = PBXGroup;
			children = (
				1327113E24334EBE009005C0 /* Pinny_iOSTests.swift */,
				1327114024334EBE009005C0 /* Info.plist */,
			);
			path = "Pinny-iOSTests";
			sourceTree = "<group>";
		};
		1327114624335C75009005C0 /* VCs */ = {
			isa = PBXGroup;
			children = (
				1327112524334D82009005C0 /* LogInViewController.swift */,
				13A56C5024502F1600584BDD /* SignUpViewController.swift */,
				13EE6AF72451C89B00B33A34 /* PlacesListViewController.swift */,
				13FC27B92451C78B00EB5A0D /* PlaceDetailViewController.swift */,
			);
			path = VCs;
			sourceTree = "<group>";
		};
		1327114724335C7F009005C0 /* Models */ = {
			isa = PBXGroup;
			children = (
			);
			path = Models;
			sourceTree = "<group>";
		};
		1327114824335C93009005C0 /* Services */ = {
			isa = PBXGroup;
			children = (
			);
			path = Services;
			sourceTree = "<group>";
		};
		1327114924335CAE009005C0 /* Views */ = {
			isa = PBXGroup;
			children = (
				13FC27B42451A6B700EB5A0D /* TableViewCells */,
			);
			path = Views;
			sourceTree = "<group>";
		};
		1338069924389E3D0014A600 /* Utils */ = {
			isa = PBXGroup;
			children = (
				1338069A24389E540014A600 /* YandexAPIKey */,
				13CA803924502B12006ED889 /* UIAlertControllerBuilder.swift */,
				13FC27B22451A64400EB5A0D /* Globals.swift */,
			);
			path = Utils;
			sourceTree = "<group>";
		};
		134356BB245029F800026355 /* Extensions */ = {
			isa = PBXGroup;
			children = (
				134356B9245029EF00026355 /* UIViewControllerExt.swift */,
				13A56C52245038E000584BDD /* UITextFieldExtension.swift */,
			);
			path = Extensions;
			sourceTree = "<group>";
		};
		13FC27B12450444900EB5A0D /* Storyboards */ = {
			isa = PBXGroup;
			children = (
				13FC27AF2450431A00EB5A0D /* Main.storyboard */,
				1327112F24334D83009005C0 /* LaunchScreen.storyboard */,
				1327112724334D82009005C0 /* LogInSignUp.storyboard */,
			);
			path = Storyboards;
			sourceTree = "<group>";
		};
		13FC27B42451A6B700EB5A0D /* TableViewCells */ = {
			isa = PBXGroup;
			children = (
				13FC27B52451A6DE00EB5A0D /* PlaceSearchTableViewCell.swift */,
				134356B1244EFB6000026355 /* StarsRatingView.swift */,
				134356B7244EFF0800026355 /* AcceptButtonView.swift */,
			);
			path = TableViewCells;
			sourceTree = "<group>";
		};
		65A90629605D3ADB57034631 /* Frameworks */ = {
			isa = PBXGroup;
			children = (
				240C9199E2E44AFA0E874D99 /* Pods_Pinny_iOS.framework */,
			);
			name = Frameworks;
			sourceTree = "<group>";
		};
		8B71001511E1312B7A3DACC5 /* Pods */ = {
			isa = PBXGroup;
			children = (
				8EC6DC99C46AC042FE467DAD /* Pods-Pinny-iOS.debug.xcconfig */,
				6DAC37D220E3F42D78F09681 /* Pods-Pinny-iOS.release.xcconfig */,
			);
			path = Pods;
			sourceTree = "<group>";
		};
/* End PBXGroup section */

/* Begin PBXNativeTarget section */
		1327111D24334D82009005C0 /* Pinny-iOS */ = {
			isa = PBXNativeTarget;
			buildConfigurationList = 1327113524334D83009005C0 /* Build configuration list for PBXNativeTarget "Pinny-iOS" */;
			buildPhases = (
				CB3935214FFA2EC5AB63C538 /* [CP] Check Pods Manifest.lock */,
				1327111A24334D82009005C0 /* Sources */,
				1327111B24334D82009005C0 /* Frameworks */,
				1327111C24334D82009005C0 /* Resources */,
				9F355B2110FC06062E956BA1 /* [CP] Copy Pods Resources */,
			);
			buildRules = (
			);
			dependencies = (
			);
			name = "Pinny-iOS";
			productName = "Pinny-iOS";
			productReference = 1327111E24334D82009005C0 /* Pinny-iOS.app */;
			productType = "com.apple.product-type.application";
		};
		1327113B24334EBE009005C0 /* Pinny-iOSTests */ = {
			isa = PBXNativeTarget;
			buildConfigurationList = 1327114524334EBE009005C0 /* Build configuration list for PBXNativeTarget "Pinny-iOSTests" */;
			buildPhases = (
				1327113824334EBE009005C0 /* Sources */,
				1327113924334EBE009005C0 /* Frameworks */,
				1327113A24334EBE009005C0 /* Resources */,
			);
			buildRules = (
			);
			dependencies = (
				1327114224334EBE009005C0 /* PBXTargetDependency */,
			);
			name = "Pinny-iOSTests";
			productName = "Pinny-iOSTests";
			productReference = 1327113C24334EBE009005C0 /* Pinny-iOSTests.xctest */;
			productType = "com.apple.product-type.bundle.unit-test";
		};
/* End PBXNativeTarget section */

/* Begin PBXProject section */
		1327111624334D82009005C0 /* Project object */ = {
			isa = PBXProject;
			attributes = {
				LastSwiftUpdateCheck = 1140;
				LastUpgradeCheck = 1140;
				ORGANIZATIONNAME = gordiig;
				TargetAttributes = {
					1327111D24334D82009005C0 = {
						CreatedOnToolsVersion = 11.4;
					};
					1327113B24334EBE009005C0 = {
						CreatedOnToolsVersion = 11.4;
						TestTargetID = 1327111D24334D82009005C0;
					};
				};
			};
			buildConfigurationList = 1327111924334D82009005C0 /* Build configuration list for PBXProject "Pinny-iOS" */;
			compatibilityVersion = "Xcode 9.3";
			developmentRegion = en;
			hasScannedForEncodings = 0;
			knownRegions = (
				en,
				Base,
			);
			mainGroup = 1327111524334D82009005C0;
			productRefGroup = 1327111F24334D82009005C0 /* Products */;
			projectDirPath = "";
			projectRoot = "";
			targets = (
				1327111D24334D82009005C0 /* Pinny-iOS */,
				1327113B24334EBE009005C0 /* Pinny-iOSTests */,
			);
		};
/* End PBXProject section */

/* Begin PBXResourcesBuildPhase section */
		1327111C24334D82009005C0 /* Resources */ = {
			isa = PBXResourcesBuildPhase;
			buildActionMask = 2147483647;
			files = (
				1338069B24389E540014A600 /* YandexAPIKey in Resources */,
				1327113124334D83009005C0 /* LaunchScreen.storyboard in Resources */,
				13FC27B02450431A00EB5A0D /* Main.storyboard in Resources */,
				1327112E24334D83009005C0 /* Assets.xcassets in Resources */,
				1327112924334D82009005C0 /* LogInSignUp.storyboard in Resources */,
			);
			runOnlyForDeploymentPostprocessing = 0;
		};
		1327113A24334EBE009005C0 /* Resources */ = {
			isa = PBXResourcesBuildPhase;
			buildActionMask = 2147483647;
			files = (
			);
			runOnlyForDeploymentPostprocessing = 0;
		};
/* End PBXResourcesBuildPhase section */

/* Begin PBXShellScriptBuildPhase section */
		9F355B2110FC06062E956BA1 /* [CP] Copy Pods Resources */ = {
			isa = PBXShellScriptBuildPhase;
			buildActionMask = 2147483647;
			files = (
			);
			inputFileListPaths = (
				"${PODS_ROOT}/Target Support Files/Pods-Pinny-iOS/Pods-Pinny-iOS-resources-${CONFIGURATION}-input-files.xcfilelist",
			);
			name = "[CP] Copy Pods Resources";
			outputFileListPaths = (
				"${PODS_ROOT}/Target Support Files/Pods-Pinny-iOS/Pods-Pinny-iOS-resources-${CONFIGURATION}-output-files.xcfilelist",
			);
			runOnlyForDeploymentPostprocessing = 0;
			shellPath = /bin/sh;
			shellScript = "\"${PODS_ROOT}/Target Support Files/Pods-Pinny-iOS/Pods-Pinny-iOS-resources.sh\"\n";
			showEnvVarsInLog = 0;
		};
		CB3935214FFA2EC5AB63C538 /* [CP] Check Pods Manifest.lock */ = {
			isa = PBXShellScriptBuildPhase;
			buildActionMask = 2147483647;
			files = (
			);
			inputFileListPaths = (
			);
			inputPaths = (
				"${PODS_PODFILE_DIR_PATH}/Podfile.lock",
				"${PODS_ROOT}/Manifest.lock",
			);
			name = "[CP] Check Pods Manifest.lock";
			outputFileListPaths = (
			);
			outputPaths = (
				"$(DERIVED_FILE_DIR)/Pods-Pinny-iOS-checkManifestLockResult.txt",
			);
			runOnlyForDeploymentPostprocessing = 0;
			shellPath = /bin/sh;
			shellScript = "diff \"${PODS_PODFILE_DIR_PATH}/Podfile.lock\" \"${PODS_ROOT}/Manifest.lock\" > /dev/null\nif [ $? != 0 ] ; then\n    # print error to STDERR\n    echo \"error: The sandbox is not in sync with the Podfile.lock. Run 'pod install' or update your CocoaPods installation.\" >&2\n    exit 1\nfi\n# This output is used by Xcode 'outputs' to avoid re-running this script phase.\necho \"SUCCESS\" > \"${SCRIPT_OUTPUT_FILE_0}\"\n";
			showEnvVarsInLog = 0;
		};
/* End PBXShellScriptBuildPhase section */

/* Begin PBXSourcesBuildPhase section */
		1327111A24334D82009005C0 /* Sources */ = {
			isa = PBXSourcesBuildPhase;
			buildActionMask = 2147483647;
			files = (
				134356B2244EFB6000026355 /* StarsRatingView.swift in Sources */,
				134356BA245029EF00026355 /* UIViewControllerExt.swift in Sources */,
				13CA803A24502B12006ED889 /* UIAlertControllerBuilder.swift in Sources */,
				13A56C5124502F1600584BDD /* SignUpViewController.swift in Sources */,
				1327112624334D82009005C0 /* LogInViewController.swift in Sources */,
				1327112224334D82009005C0 /* AppDelegate.swift in Sources */,
				13A56C53245038E000584BDD /* UITextFieldExtension.swift in Sources */,
				13FC27B32451A64400EB5A0D /* Globals.swift in Sources */,
				13FC27BA2451C78B00EB5A0D /* PlaceDetailViewController.swift in Sources */,
				1327112C24334D82009005C0 /* Pinny_iOS.xcdatamodeld in Sources */,
				1327112424334D82009005C0 /* SceneDelegate.swift in Sources */,
				13FC27B62451A6DE00EB5A0D /* PlaceSearchTableViewCell.swift in Sources */,
				13EE6AF82451C89B00B33A34 /* PlacesListViewController.swift in Sources */,
				134356B8244EFF0800026355 /* AcceptButtonView.swift in Sources */,
			);
			runOnlyForDeploymentPostprocessing = 0;
		};
		1327113824334EBE009005C0 /* Sources */ = {
			isa = PBXSourcesBuildPhase;
			buildActionMask = 2147483647;
			files = (
				1327113F24334EBE009005C0 /* Pinny_iOSTests.swift in Sources */,
			);
			runOnlyForDeploymentPostprocessing = 0;
		};
/* End PBXSourcesBuildPhase section */

/* Begin PBXTargetDependency section */
		1327114224334EBE009005C0 /* PBXTargetDependency */ = {
			isa = PBXTargetDependency;
			target = 1327111D24334D82009005C0 /* Pinny-iOS */;
			targetProxy = 1327114124334EBE009005C0 /* PBXContainerItemProxy */;
		};
/* End PBXTargetDependency section */

/* Begin PBXVariantGroup section */
		1327112724334D82009005C0 /* LogInSignUp.storyboard */ = {
			isa = PBXVariantGroup;
			children = (
				1327112824334D82009005C0 /* Base */,
			);
			name = LogInSignUp.storyboard;
			sourceTree = "<group>";
		};
		1327112F24334D83009005C0 /* LaunchScreen.storyboard */ = {
			isa = PBXVariantGroup;
			children = (
				1327113024334D83009005C0 /* Base */,
			);
			name = LaunchScreen.storyboard;
			sourceTree = "<group>";
		};
/* End PBXVariantGroup section */

/* Begin XCBuildConfiguration section */
		1327113324334D83009005C0 /* Debug */ = {
			isa = XCBuildConfiguration;
			buildSettings = {
				ALWAYS_SEARCH_USER_PATHS = NO;
				CLANG_ANALYZER_NONNULL = YES;
				CLANG_ANALYZER_NUMBER_OBJECT_CONVERSION = YES_AGGRESSIVE;
				CLANG_CXX_LANGUAGE_STANDARD = "gnu++14";
				CLANG_CXX_LIBRARY = "libc++";
				CLANG_ENABLE_MODULES = YES;
				CLANG_ENABLE_OBJC_ARC = YES;
				CLANG_ENABLE_OBJC_WEAK = YES;
				CLANG_WARN_BLOCK_CAPTURE_AUTORELEASING = YES;
				CLANG_WARN_BOOL_CONVERSION = YES;
				CLANG_WARN_COMMA = YES;
				CLANG_WARN_CONSTANT_CONVERSION = YES;
				CLANG_WARN_DEPRECATED_OBJC_IMPLEMENTATIONS = YES;
				CLANG_WARN_DIRECT_OBJC_ISA_USAGE = YES_ERROR;
				CLANG_WARN_DOCUMENTATION_COMMENTS = YES;
				CLANG_WARN_EMPTY_BODY = YES;
				CLANG_WARN_ENUM_CONVERSION = YES;
				CLANG_WARN_INFINITE_RECURSION = YES;
				CLANG_WARN_INT_CONVERSION = YES;
				CLANG_WARN_NON_LITERAL_NULL_CONVERSION = YES;
				CLANG_WARN_OBJC_IMPLICIT_RETAIN_SELF = YES;
				CLANG_WARN_OBJC_LITERAL_CONVERSION = YES;
				CLANG_WARN_OBJC_ROOT_CLASS = YES_ERROR;
				CLANG_WARN_RANGE_LOOP_ANALYSIS = YES;
				CLANG_WARN_STRICT_PROTOTYPES = YES;
				CLANG_WARN_SUSPICIOUS_MOVE = YES;
				CLANG_WARN_UNGUARDED_AVAILABILITY = YES_AGGRESSIVE;
				CLANG_WARN_UNREACHABLE_CODE = YES;
				CLANG_WARN__DUPLICATE_METHOD_MATCH = YES;
				COPY_PHASE_STRIP = NO;
				DEBUG_INFORMATION_FORMAT = dwarf;
				ENABLE_STRICT_OBJC_MSGSEND = YES;
				ENABLE_TESTABILITY = YES;
				GCC_C_LANGUAGE_STANDARD = gnu11;
				GCC_DYNAMIC_NO_PIC = NO;
				GCC_NO_COMMON_BLOCKS = YES;
				GCC_OPTIMIZATION_LEVEL = 0;
				GCC_PREPROCESSOR_DEFINITIONS = (
					"DEBUG=1",
					"$(inherited)",
				);
				GCC_WARN_64_TO_32_BIT_CONVERSION = YES;
				GCC_WARN_ABOUT_RETURN_TYPE = YES_ERROR;
				GCC_WARN_UNDECLARED_SELECTOR = YES;
				GCC_WARN_UNINITIALIZED_AUTOS = YES_AGGRESSIVE;
				GCC_WARN_UNUSED_FUNCTION = YES;
				GCC_WARN_UNUSED_VARIABLE = YES;
				IPHONEOS_DEPLOYMENT_TARGET = 13.4;
				MTL_ENABLE_DEBUG_INFO = INCLUDE_SOURCE;
				MTL_FAST_MATH = YES;
				ONLY_ACTIVE_ARCH = YES;
				SDKROOT = iphoneos;
				SWIFT_ACTIVE_COMPILATION_CONDITIONS = DEBUG;
				SWIFT_OPTIMIZATION_LEVEL = "-Onone";
			};
			name = Debug;
		};
		1327113424334D83009005C0 /* Release */ = {
			isa = XCBuildConfiguration;
			buildSettings = {
				ALWAYS_SEARCH_USER_PATHS = NO;
				CLANG_ANALYZER_NONNULL = YES;
				CLANG_ANALYZER_NUMBER_OBJECT_CONVERSION = YES_AGGRESSIVE;
				CLANG_CXX_LANGUAGE_STANDARD = "gnu++14";
				CLANG_CXX_LIBRARY = "libc++";
				CLANG_ENABLE_MODULES = YES;
				CLANG_ENABLE_OBJC_ARC = YES;
				CLANG_ENABLE_OBJC_WEAK = YES;
				CLANG_WARN_BLOCK_CAPTURE_AUTORELEASING = YES;
				CLANG_WARN_BOOL_CONVERSION = YES;
				CLANG_WARN_COMMA = YES;
				CLANG_WARN_CONSTANT_CONVERSION = YES;
				CLANG_WARN_DEPRECATED_OBJC_IMPLEMENTATIONS = YES;
				CLANG_WARN_DIRECT_OBJC_ISA_USAGE = YES_ERROR;
				CLANG_WARN_DOCUMENTATION_COMMENTS = YES;
				CLANG_WARN_EMPTY_BODY = YES;
				CLANG_WARN_ENUM_CONVERSION = YES;
				CLANG_WARN_INFINITE_RECURSION = YES;
				CLANG_WARN_INT_CONVERSION = YES;
				CLANG_WARN_NON_LITERAL_NULL_CONVERSION = YES;
				CLANG_WARN_OBJC_IMPLICIT_RETAIN_SELF = YES;
				CLANG_WARN_OBJC_LITERAL_CONVERSION = YES;
				CLANG_WARN_OBJC_ROOT_CLASS = YES_ERROR;
				CLANG_WARN_RANGE_LOOP_ANALYSIS = YES;
				CLANG_WARN_STRICT_PROTOTYPES = YES;
				CLANG_WARN_SUSPICIOUS_MOVE = YES;
				CLANG_WARN_UNGUARDED_AVAILABILITY = YES_AGGRESSIVE;
				CLANG_WARN_UNREACHABLE_CODE = YES;
				CLANG_WARN__DUPLICATE_METHOD_MATCH = YES;
				COPY_PHASE_STRIP = NO;
				DEBUG_INFORMATION_FORMAT = "dwarf-with-dsym";
				ENABLE_NS_ASSERTIONS = NO;
				ENABLE_STRICT_OBJC_MSGSEND = YES;
				GCC_C_LANGUAGE_STANDARD = gnu11;
				GCC_NO_COMMON_BLOCKS = YES;
				GCC_WARN_64_TO_32_BIT_CONVERSION = YES;
				GCC_WARN_ABOUT_RETURN_TYPE = YES_ERROR;
				GCC_WARN_UNDECLARED_SELECTOR = YES;
				GCC_WARN_UNINITIALIZED_AUTOS = YES_AGGRESSIVE;
				GCC_WARN_UNUSED_FUNCTION = YES;
				GCC_WARN_UNUSED_VARIABLE = YES;
				IPHONEOS_DEPLOYMENT_TARGET = 13.4;
				MTL_ENABLE_DEBUG_INFO = NO;
				MTL_FAST_MATH = YES;
				SDKROOT = iphoneos;
				SWIFT_COMPILATION_MODE = wholemodule;
				SWIFT_OPTIMIZATION_LEVEL = "-O";
				VALIDATE_PRODUCT = YES;
			};
			name = Release;
		};
		1327113624334D83009005C0 /* Debug */ = {
			isa = XCBuildConfiguration;
			baseConfigurationReference = 8EC6DC99C46AC042FE467DAD /* Pods-Pinny-iOS.debug.xcconfig */;
			buildSettings = {
				ASSETCATALOG_COMPILER_APPICON_NAME = AppIcon;
				CODE_SIGN_STYLE = Automatic;
				DEVELOPMENT_TEAM = JY87QHRL3J;
				INFOPLIST_FILE = "Pinny-iOS/Info.plist";
				LD_RUNPATH_SEARCH_PATHS = (
					"$(inherited)",
					"@executable_path/Frameworks",
				);
				PRODUCT_BUNDLE_IDENTIFIER = "gordiig.Pinny-iOS";
				PRODUCT_NAME = "$(TARGET_NAME)";
				SWIFT_VERSION = 5.0;
				TARGETED_DEVICE_FAMILY = 1;
			};
			name = Debug;
		};
		1327113724334D83009005C0 /* Release */ = {
			isa = XCBuildConfiguration;
			baseConfigurationReference = 6DAC37D220E3F42D78F09681 /* Pods-Pinny-iOS.release.xcconfig */;
			buildSettings = {
				ASSETCATALOG_COMPILER_APPICON_NAME = AppIcon;
				CODE_SIGN_STYLE = Automatic;
				DEVELOPMENT_TEAM = JY87QHRL3J;
				INFOPLIST_FILE = "Pinny-iOS/Info.plist";
				LD_RUNPATH_SEARCH_PATHS = (
					"$(inherited)",
					"@executable_path/Frameworks",
				);
				PRODUCT_BUNDLE_IDENTIFIER = "gordiig.Pinny-iOS";
				PRODUCT_NAME = "$(TARGET_NAME)";
				SWIFT_VERSION = 5.0;
				TARGETED_DEVICE_FAMILY = 1;
			};
			name = Release;
		};
		1327114324334EBE009005C0 /* Debug */ = {
			isa = XCBuildConfiguration;
			buildSettings = {
				BUNDLE_LOADER = "$(TEST_HOST)";
				CODE_SIGN_STYLE = Automatic;
				DEVELOPMENT_TEAM = JY87QHRL3J;
				INFOPLIST_FILE = "Pinny-iOSTests/Info.plist";
				LD_RUNPATH_SEARCH_PATHS = (
					"$(inherited)",
					"@executable_path/Frameworks",
					"@loader_path/Frameworks",
				);
				PRODUCT_BUNDLE_IDENTIFIER = "gordiig.Pinny-iOSTests";
				PRODUCT_NAME = "$(TARGET_NAME)";
				SWIFT_VERSION = 5.0;
				TARGETED_DEVICE_FAMILY = "1,2";
				TEST_HOST = "$(BUILT_PRODUCTS_DIR)/Pinny-iOS.app/Pinny-iOS";
			};
			name = Debug;
		};
		1327114424334EBE009005C0 /* Release */ = {
			isa = XCBuildConfiguration;
			buildSettings = {
				BUNDLE_LOADER = "$(TEST_HOST)";
				CODE_SIGN_STYLE = Automatic;
				DEVELOPMENT_TEAM = JY87QHRL3J;
				INFOPLIST_FILE = "Pinny-iOSTests/Info.plist";
				LD_RUNPATH_SEARCH_PATHS = (
					"$(inherited)",
					"@executable_path/Frameworks",
					"@loader_path/Frameworks",
				);
				PRODUCT_BUNDLE_IDENTIFIER = "gordiig.Pinny-iOSTests";
				PRODUCT_NAME = "$(TARGET_NAME)";
				SWIFT_VERSION = 5.0;
				TARGETED_DEVICE_FAMILY = "1,2";
				TEST_HOST = "$(BUILT_PRODUCTS_DIR)/Pinny-iOS.app/Pinny-iOS";
			};
			name = Release;
		};
/* End XCBuildConfiguration section */

/* Begin XCConfigurationList section */
		1327111924334D82009005C0 /* Build configuration list for PBXProject "Pinny-iOS" */ = {
			isa = XCConfigurationList;
			buildConfigurations = (
				1327113324334D83009005C0 /* Debug */,
				1327113424334D83009005C0 /* Release */,
			);
			defaultConfigurationIsVisible = 0;
			defaultConfigurationName = Release;
		};
		1327113524334D83009005C0 /* Build configuration list for PBXNativeTarget "Pinny-iOS" */ = {
			isa = XCConfigurationList;
			buildConfigurations = (
				1327113624334D83009005C0 /* Debug */,
				1327113724334D83009005C0 /* Release */,
			);
			defaultConfigurationIsVisible = 0;
			defaultConfigurationName = Release;
		};
		1327114524334EBE009005C0 /* Build configuration list for PBXNativeTarget "Pinny-iOSTests" */ = {
			isa = XCConfigurationList;
			buildConfigurations = (
				1327114324334EBE009005C0 /* Debug */,
				1327114424334EBE009005C0 /* Release */,
			);
			defaultConfigurationIsVisible = 0;
			defaultConfigurationName = Release;
		};
/* End XCConfigurationList section */

/* Begin XCVersionGroup section */
		1327112A24334D82009005C0 /* Pinny_iOS.xcdatamodeld */ = {
			isa = XCVersionGroup;
			children = (
				1327112B24334D82009005C0 /* Pinny_iOS.xcdatamodel */,
			);
			currentVersion = 1327112B24334D82009005C0 /* Pinny_iOS.xcdatamodel */;
			path = Pinny_iOS.xcdatamodeld;
			sourceTree = "<group>";
			versionGroupType = wrapper.xcdatamodel;
		};
/* End XCVersionGroup section */
	};
	rootObject = 1327111624334D82009005C0 /* Project object */;
}
